// !$*UTF8*$!
{
	archiveVersion = 1;
	classes = {
	};
	objectVersion = 63;
	objects = {

/* Begin PBXBuildFile section */
		0DAEB98C5BC5C7FF28848119 /* Screens.swift in Sources */ = {isa = PBXBuildFile; fileRef = 2C543E6E27A069FF7F11C968 /* Screens.swift */; };
		17DA56602ADB053E5A08CD30 /* JustPickThisApp.swift in Sources */ = {isa = PBXBuildFile; fileRef = 0AC97FCC22D83B13DE9F1547 /* JustPickThisApp.swift */; };
		55AEA7AC2B7C820E9483EEB5 /* MockData.swift in Sources */ = {isa = PBXBuildFile; fileRef = 9F707EFECDD72F353F901334 /* MockData.swift */; };
		87AD9F66F169E44E4B28AA2D /* RootView.swift in Sources */ = {isa = PBXBuildFile; fileRef = 2FDF93B3FEEF0D52283BE50E /* RootView.swift */; };
		A547C27A10EA0038CE185176 /* AppTheme.swift in Sources */ = {isa = PBXBuildFile; fileRef = D0C2BB2FC946413649EFD0CD /* AppTheme.swift */; };
		D8487147D1C24F3ACCA29556 /* Components.swift in Sources */ = {isa = PBXBuildFile; fileRef = F898530B97A09D348B627F04 /* Components.swift */; };
		E711A1C92C0F4B1800000001 /* Assets.xcassets in Resources */ = {isa = PBXBuildFile; fileRef = E711A1C92C0F4B1800000002 /* Assets.xcassets */; };
/* End PBXBuildFile section */

/* Begin PBXFileReference section */
		0AC97FCC22D83B13DE9F1547 /* JustPickThisApp.swift */ = {isa = PBXFileReference; lastKnownFileType = sourcecode.swift; path = JustPickThisApp.swift; sourceTree = "<group>"; };
		2C543E6E27A069FF7F11C968 /* Screens.swift */ = {isa = PBXFileReference; lastKnownFileType = sourcecode.swift; path = Screens.swift; sourceTree = "<group>"; };
		2FDF93B3FEEF0D52283BE50E /* RootView.swift */ = {isa = PBXFileReference; lastKnownFileType = sourcecode.swift; path = RootView.swift; sourceTree = "<group>"; };
		9F707EFECDD72F353F901334 /* MockData.swift */ = {isa = PBXFileReference; lastKnownFileType = sourcecode.swift; path = MockData.swift; sourceTree = "<group>"; };
		D0C2BB2FC946413649EFD0CD /* AppTheme.swift */ = {isa = PBXFileReference; lastKnownFileType = sourcecode.swift; path = AppTheme.swift; sourceTree = "<group>"; };
		D4A7C0A6A51158B7AFB64A30 /* Info.plist */ = {isa = PBXFileReference; lastKnownFileType = text.plist; path = Info.plist; sourceTree = "<group>"; };
		DA19B750298287E1F3654654 /* pipii.app */ = {isa = PBXFileReference; explicitFileType = wrapper.application; includeInIndex = 0; path = pipii.app; sourceTree = BUILT_PRODUCTS_DIR; };
		E711A1C92C0F4B1800000002 /* Assets.xcassets */ = {isa = PBXFileReference; lastKnownFileType = folder.assetcatalog; path = Assets.xcassets; sourceTree = "<group>"; };
		F898530B97A09D348B627F04 /* Components.swift */ = {isa = PBXFileReference; lastKnownFileType = sourcecode.swift; path = Components.swift; sourceTree = "<group>"; };
/* End PBXFileReference section */

/* Begin PBXGroup section */
		0B5CD7E538E6789C0AFDE567 /* NativeApp */ = {
			isa = PBXGroup;
			children = (
				D0C2BB2FC946413649EFD0CD /* AppTheme.swift */,
				E711A1C92C0F4B1800000002 /* Assets.xcassets */,
				F898530B97A09D348B627F04 /* Components.swift */,
				D4A7C0A6A51158B7AFB64A30 /* Info.plist */,
				0AC97FCC22D83B13DE9F1547 /* JustPickThisApp.swift */,
				9F707EFECDD72F353F901334 /* MockData.swift */,
				2FDF93B3FEEF0D52283BE50E /* RootView.swift */,
				2C543E6E27A069FF7F11C968 /* Screens.swift */,
			);
			path = NativeApp;
			sourceTree = "<group>";
		};
		439986A2D1709152F7E57D5A = {
			isa = PBXGroup;
			children = (
				0B5CD7E538E6789C0AFDE567 /* NativeApp */,
				51AD0B8043AE91CABA1A4B91 /* Products */,
			);
			sourceTree = "<group>";
		};
		51AD0B8043AE91CABA1A4B91 /* Products */ = {
			isa = PBXGroup;
			children = (
				DA19B750298287E1F3654654 /* pipii.app */,
			);
			name = Products;
			sourceTree = "<group>";
		};
/* End PBXGroup section */

/* Begin PBXNativeTarget section */
		FA58A8B1603B06B89619D143 /* JustPickThisIOS */ = {
			isa = PBXNativeTarget;
			buildConfigurationList = 810876773D170C88FFAD8D70 /* Build configuration list for PBXNativeTarget "JustPickThisIOS" */;
			buildPhases = (
				68DB068E3AA4D0515EB55BCC /* Sources */,
				E711A1C92C0F4B1800000003 /* Resources */,
			);
			buildRules = (
			);
			dependencies = (
			);
			name = JustPickThisIOS;
			packageProductDependencies = (
			);
			productName = JustPickThisIOS;
			productReference = DA19B750298287E1F3654654 /* pipii.app */;
			productType = "com.apple.product-type.application";
		};
/* End PBXNativeTarget section */

/* Begin PBXProject section */
		BA91D0469674E940C22F75CC /* Project object */ = {
			isa = PBXProject;
			attributes = {
				BuildIndependentTargetsInParallel = YES;
				LastUpgradeCheck = 1430;
				TargetAttributes = {
					FA58A8B1603B06B89619D143 = {
						ProvisioningStyle = Automatic;
					};
				};
			};
			buildConfigurationList = 8992A1E414703DC659772523 /* Build configuration list for PBXProject "JustPickThisIOS" */;
			compatibilityVersion = "Xcode 14.0";
			developmentRegion = en;
			hasScannedForEncodings = 0;
			knownRegions = (
				Base,
				en,
			);
			mainGroup = 439986A2D1709152F7E57D5A;
			minimizedProjectReferenceProxies = 1;
			projectDirPath = "";
			projectRoot = "";
			targets = (
				FA58A8B1603B06B89619D143 /* JustPickThisIOS */,
			);
		};
/* End PBXProject section */

/* Begin PBXResourcesBuildPhase section */
		E711A1C92C0F4B1800000003 /* Resources */ = {
			isa = PBXResourcesBuildPhase;
			buildActionMask = 2147483647;
			files = (
				E711A1C92C0F4B1800000001 /* Assets.xcassets in Resources */,
			);
			runOnlyForDeploymentPostprocessing = 0;
		};
/* End PBXResourcesBuildPhase section */

/* Begin PBXSourcesBuildPhase section */
		68DB068E3AA4D0515EB55BCC /* Sources */ = {
			isa = PBXSourcesBuildPhase;
			buildActionMask = 2147483647;
			files = (
				A547C27A10EA0038CE185176 /* AppTheme.swift in Sources */,
				D8487147D1C24F3ACCA29556 /* Components.swift in Sources */,
				17DA56602ADB053E5A08CD30 /* JustPickThisApp.swift in Sources */,
				55AEA7AC2B7C820E9483EEB5 /* MockData.swift in Sources */,
				87AD9F66F169E44E4B28AA2D /* RootView.swift in Sources */,
				0DAEB98C5BC5C7FF28848119 /* Screens.swift in Sources */,
			);
			runOnlyForDeploymentPostprocessing = 0;
		};
/* End PBXSourcesBuildPhase section */

/* Begin XCBuildConfiguration section */
		2B70C3336D95B4840BF35193 /* Release */ = {
			isa = XCBuildConfiguration;
			buildSettings = {
				ASSETCATALOG_COMPILER_APPICON_NAME = AppIcon;
				CODE_SIGN_IDENTITY = "iPhone Developer";
				DEVELOPMENT_TEAM = Y55UH32LWE;
				INFOPLIST_FILE = NativeApp/Info.plist;
				LD_RUNPATH_SEARCH_PATHS = (
					"$(inherited)",
					"@executable_path/Frameworks",
				);
				PRODUCT_BUNDLE_IDENTIFIER = com.justpickthis.ios;
				PRODUCT_NAME = pipii;
				SDKROOT = iphoneos;
				SUPPORTS_MACCATALYST = NO;
				TARGETED_DEVICE_FAMILY = 1;
			};
			name = Release;
		};
		4C0595956C7A8E8AC43626FE /* Release */ = {
			isa = XCBuildConfiguration;
			buildSettings = {
				ALWAYS_SEARCH_USER_PATHS = NO;
				CLANG_ANALYZER_NONNULL = YES;
				CLANG_ANALYZER_NUMBER_OBJECT_CONVERSION = YES_AGGRESSIVE;
				CLANG_CXX_LANGUAGE_STANDARD = "gnu++14";
				CLANG_CXX_LIBRARY = "libc++";
				CLANG_ENABLE_MODULES = YES;
				CLANG_ENABLE_OBJC_ARC = YES;
				CLANG_ENABLE_OBJC_WEAK = YES;
				CLANG_WARN_BLOCK_CAPTURE_AUTORELEASING = YES;
				CLANG_WARN_BOOL_CONVERSION = YES;
				CLANG_WARN_COMMA = YES;
				CLANG_WARN_CONSTANT_CONVERSION = YES;
				CLANG_WARN_DEPRECATED_OBJC_IMPLEMENTATIONS = YES;
				CLANG_WARN_DIRECT_OBJC_ISA_USAGE = YES_ERROR;
				CLANG_WARN_DOCUMENTATION_COMMENTS = YES;
				CLANG_WARN_EMPTY_BODY = YES;
				CLANG_WARN_ENUM_CONVERSION = YES;
				CLANG_WARN_INFINITE_RECURSION = YES;
				CLANG_WARN_INT_CONVERSION = YES;
				CLANG_WARN_NON_LITERAL_NULL_CONVERSION = YES;
				CLANG_WARN_OBJC_IMPLICIT_RETAIN_SELF = YES;
				CLANG_WARN_OBJC_LITERAL_CONVERSION = YES;
				CLANG_WARN_OBJC_ROOT_CLASS = YES_ERROR;
				CLANG_WARN_QUOTED_INCLUDE_IN_FRAMEWORK_HEADER = YES;
				CLANG_WARN_RANGE_LOOP_ANALYSIS = YES;
				CLANG_WARN_STRICT_PROTOTYPES = YES;
				CLANG_WARN_SUSPICIOUS_MOVE = YES;
				CLANG_WARN_UNGUARDED_AVAILABILITY = YES_AGGRESSIVE;
				CLANG_WARN_UNREACHABLE_CODE = YES;
				CLANG_WARN__DUPLICATE_METHOD_MATCH = YES;
				CODE_SIGN_STYLE = Automatic;
				COPY_PHASE_STRIP = NO;
				CURRENT_PROJECT_VERSION = 1;
				DEBUG_INFORMATION_FORMAT = "dwarf-with-dsym";
				DEVELOPMENT_TEAM = FJ7ADHR65Z;
				ENABLE_NS_ASSERTIONS = NO;
				ENABLE_STRICT_OBJC_MSGSEND = YES;
				GCC_C_LANGUAGE_STANDARD = gnu11;
				GCC_NO_COMMON_BLOCKS = YES;
				GCC_WARN_64_TO_32_BIT_CONVERSION = YES;
				GCC_WARN_ABOUT_RETURN_TYPE = YES_ERROR;
				GCC_WARN_UNDECLARED_SELECTOR = YES;
				GCC_WARN_UNINITIALIZED_AUTOS = YES_AGGRESSIVE;
				GCC_WARN_UNUSED_FUNCTION = YES;
				GCC_WARN_UNUSED_VARIABLE = YES;
				IPHONEOS_DEPLOYMENT_TARGET = 17.0;
				MARKETING_VERSION = 1.0;
				MTL_ENABLE_DEBUG_INFO = NO;
				MTL_FAST_MATH = YES;
				PRODUCT_NAME = "$(TARGET_NAME)";
				SDKROOT = iphoneos;
				SWIFT_COMPILATION_MODE = wholemodule;
				SWIFT_OPTIMIZATION_LEVEL = "-O";
				SWIFT_VERSION = 6.0;
			};
			name = Release;
		};
		6E51109FF75CDD59162837A4 /* Debug */ = {
			isa = XCBuildConfiguration;
			buildSettings = {
				ASSETCATALOG_COMPILER_APPICON_NAME = AppIcon;
				CODE_SIGN_IDENTITY = "iPhone Developer";
				DEVELOPMENT_TEAM = Y55UH32LWE;
				INFOPLIST_FILE = NativeApp/Info.plist;
				LD_RUNPATH_SEARCH_PATHS = (
					"$(inherited)",
					"@executable_path/Frameworks",
				);
				PRODUCT_BUNDLE_IDENTIFIER = com.justpickthis.ios;
				PRODUCT_NAME = pipii;
				SDKROOT = iphoneos;
				SUPPORTS_MACCATALYST = NO;
				TARGETED_DEVICE_FAMILY = 1;
			};
			name = Debug;
		};
		9A40B68AB6E80D75E25EF80F /* Debug */ = {
			isa = XCBuildConfiguration;
			buildSettings = {
				ALWAYS_SEARCH_USER_PATHS = NO;
				CLANG_ANALYZER_NONNULL = YES;
				CLANG_ANALYZER_NUMBER_OBJECT_CONVERSION = YES_AGGRESSIVE;
				CLANG_CXX_LANGUAGE_STANDARD = "gnu++14";
				CLANG_CXX_LIBRARY = "libc++";
				CLANG_ENABLE_MODULES = YES;
				CLANG_ENABLE_OBJC_ARC = YES;
				CLANG_ENABLE_OBJC_WEAK = YES;
				CLANG_WARN_BLOCK_CAPTURE_AUTORELEASING = YES;
				CLANG_WARN_BOOL_CONVERSION = YES;
				CLANG_WARN_COMMA = YES;
				CLANG_WARN_CONSTANT_CONVERSION = YES;
				CLANG_WARN_DEPRECATED_OBJC_IMPLEMENTATIONS = YES;
				CLANG_WARN_DIRECT_OBJC_ISA_USAGE = YES_ERROR;
				CLANG_WARN_DOCUMENTATION_COMMENTS = YES;
				CLANG_WARN_EMPTY_BODY = YES;
				CLANG_WARN_ENUM_CONVERSION = YES;
				CLANG_WARN_INFINITE_RECURSION = YES;
				CLANG_WARN_INT_CONVERSION = YES;
				CLANG_WARN_NON_LITERAL_NULL_CONVERSION = YES;
				CLANG_WARN_OBJC_IMPLICIT_RETAIN_SELF = YES;
				CLANG_WARN_OBJC_LITERAL_CONVERSION = YES;
				CLANG_WARN_OBJC_ROOT_CLASS = YES_ERROR;
				CLANG_WARN_QUOTED_INCLUDE_IN_FRAMEWORK_HEADER = YES;
				CLANG_WARN_RANGE_LOOP_ANALYSIS = YES;
				CLANG_WARN_STRICT_PROTOTYPES = YES;
				CLANG_WARN_SUSPICIOUS_MOVE = YES;
				CLANG_WARN_UNGUARDED_AVAILABILITY = YES_AGGRESSIVE;
				CLANG_WARN_UNREACHABLE_CODE = YES;
				CLANG_WARN__DUPLICATE_METHOD_MATCH = YES;
				CODE_SIGN_STYLE = Automatic;
				COPY_PHASE_STRIP = NO;
				CURRENT_PROJECT_VERSION = 1;
				DEBUG_INFORMATION_FORMAT = dwarf;
				DEVELOPMENT_TEAM = FJ7ADHR65Z;
				ENABLE_STRICT_OBJC_MSGSEND = YES;
				ENABLE_TESTABILITY = YES;
				GCC_C_LANGUAGE_STANDARD = gnu11;
				GCC_DYNAMIC_NO_PIC = NO;
				GCC_NO_COMMON_BLOCKS = YES;
				GCC_OPTIMIZATION_LEVEL = 0;
				GCC_PREPROCESSOR_DEFINITIONS = (
					"$(inherited)",
					"DEBUG=1",
				);
				GCC_WARN_64_TO_32_BIT_CONVERSION = YES;
				GCC_WARN_ABOUT_RETURN_TYPE = YES_ERROR;
				GCC_WARN_UNDECLARED_SELECTOR = YES;
				GCC_WARN_UNINITIALIZED_AUTOS = YES_AGGRESSIVE;
				GCC_WARN_UNUSED_FUNCTION = YES;
				GCC_WARN_UNUSED_VARIABLE = YES;
				IPHONEOS_DEPLOYMENT_TARGET = 17.0;
				MARKETING_VERSION = 1.0;
				MTL_ENABLE_DEBUG_INFO = INCLUDE_SOURCE;
				MTL_FAST_MATH = YES;
				ONLY_ACTIVE_ARCH = YES;
				PRODUCT_NAME = "$(TARGET_NAME)";
				SDKROOT = iphoneos;
				SWIFT_ACTIVE_COMPILATION_CONDITIONS = DEBUG;
				SWIFT_OPTIMIZATION_LEVEL = "-Onone";
				SWIFT_VERSION = 6.0;
			};
			name = Debug;
		};
/* End XCBuildConfiguration section */

/* Begin XCConfigurationList section */
		810876773D170C88FFAD8D70 /* Build configuration list for PBXNativeTarget "JustPickThisIOS" */ = {
			isa = XCConfigurationList;
			buildConfigurations = (
				6E51109FF75CDD59162837A4 /* Debug */,
				2B70C3336D95B4840BF35193 /* Release */,
			);
			defaultConfigurationIsVisible = 0;
			defaultConfigurationName = Debug;
		};
		8992A1E414703DC659772523 /* Build configuration list for PBXProject "JustPickThisIOS" */ = {
			isa = XCConfigurationList;
			buildConfigurations = (
				9A40B68AB6E80D75E25EF80F /* Debug */,
				4C0595956C7A8E8AC43626FE /* Release */,
			);
			defaultConfigurationIsVisible = 0;
			defaultConfigurationName = Debug;
		};
/* End XCConfigurationList section */
	};
	rootObject = BA91D0469674E940C22F75CC /* Project object */;
}
